
Microsoft Visual Studio Solution File, Format Version 12.00
# Visual Studio Version 16
VisualStudioVersion = 16.0.30503.244
MinimumVisualStudioVersion = 10.0.40219.1
Project("{9A19103F-16F7-4668-BE54-9A1E7A4F7556}") = "AzureVoiceExtract", "AzureVoiceExtract.csproj", "{F54AD9BA-D73C-415F-8CEB-66B6682658F5}"
EndProject
Global
	GlobalSection(SolutionConfigurationPlatforms) = preSolution
		Debug|Any CPU = Debug|Any CPU
		Release|Any CPU = Release|Any CPU
	EndGlobalSection
	GlobalSection(ProjectConfigurationPlatforms) = postSolution
		{F54AD9BA-D73C-415F-8CEB-66B6682658F5}.Debug|Any CPU.ActiveCfg = Debug|Any CPU
		{F54AD9BA-D73C-415F-8CEB-66B6682658F5}.Debug|Any CPU.Build.0 = Debug|Any CPU
		{F54AD9BA-D73C-415F-8CEB-66B6682658F5}.Release|Any CPU.ActiveCfg = Release|Any CPU
		{F54AD9BA-D73C-415F-8CEB-66B6682658F5}.Release|Any CPU.Build.0 = Release|Any CPU
	EndGlobalSection
	GlobalSection(SolutionProperties) = preSolution
		HideSolutionNode = FALSE
	EndGlobalSection
	GlobalSection(ExtensibilityGlobals) = postSolution
		SolutionGuid = {25F2B15C-D905-43D7-B288-FBDD45F55187}
	EndGlobalSection
EndGlobal
